
Microsoft Visual Studio Solution File, Format Version 12.00
Project("{FAE04EC0-301F-11D3-BF4B-00C04F79EFBC}") = "Projekt_ZAJ3", "Projekt_ZAJ3.csproj", "{4C983BBF-5C55-43D7-80A7-468FB8CD80FB}"
EndProject
Global
	GlobalSection(SolutionConfigurationPlatforms) = preSolution
		Debug|Any CPU = Debug|Any CPU
		Release|Any CPU = Release|Any CPU
	EndGlobalSection
	GlobalSection(ProjectConfigurationPlatforms) = postSolution
		{4C983BBF-5C55-43D7-80A7-468FB8CD80FB}.Debug|Any CPU.ActiveCfg = Debug|Any CPU
		{4C983BBF-5C55-43D7-80A7-468FB8CD80FB}.Debug|Any CPU.Build.0 = Debug|Any CPU
		{4C983BBF-5C55-43D7-80A7-468FB8CD80FB}.Release|Any CPU.ActiveCfg = Release|Any CPU
		{4C983BBF-5C55-43D7-80A7-468FB8CD80FB}.Release|Any CPU.Build.0 = Release|Any CPU
	EndGlobalSection
EndGlobal
